<?xml version="1.0" encoding="utf-8"?>
<Project ToolsVersion="4.0" xmlns="http://schemas.microsoft.com/developer/msbuild/2003">
  <ItemGroup>
    <Filter Include="源文件">
      <UniqueIdentifier>{4FC737F1-C7A5-4376-A066-2A32D752A2FF}</UniqueIdentifier>
      <Extensions>cpp;c;cc;cxx;def;odl;idl;hpj;bat;asm;asmx</Extensions>
    </Filter>
    <Filter Include="头文件">
      <UniqueIdentifier>{93995380-89BD-4b04-88EB-625FBE52EBFB}</UniqueIdentifier>
      <Extensions>h;hh;hpp;hxx;hm;inl;inc;xsd</Extensions>
    </Filter>
    <Filter Include="资源文件">
      <UniqueIdentifier>{67DA6AB6-F800-4c08-8B7A-83BB121AAD01}</UniqueIdentifier>
      <Extensions>rc;ico;cur;bmp;dlg;rc2;rct;bin;rgs;gif;jpg;jpeg;jpe;resx;tiff;tif;png;wav;mfcribbon-ms</Extensions>
    </Filter>
  </ItemGroup>
  <ItemGroup>
    <ClCompile Include="Main.cpp">
      <Filter>源文件</Filter>
    </ClCompile>
    <ClCompile Include="BaseGameEntity.cpp">
      <Filter>源文件</Filter>
    </ClCompile>
    <ClCompile Include="Miner.cpp">
      <Filter>源文件</Filter>
    </ClCompile>
    <ClCompile Include="State.cpp">
      <Filter>源文件</Filter>
    </ClCompile>
    <ClCompile Include="MinerOwnedStates.cpp">
      <Filter>源文件</Filter>
    </ClCompile>
    <ClCompile Include="MinerWife.cpp">
      <Filter>源文件</Filter>
    </ClCompile>
    <ClCompile Include="MinerWifeOwnedState.cpp">
      <Filter>源文件</Filter>
    </ClCompile>
    <ClCompile Include="MessageDispatcher.cpp">
      <Filter>源文件</Filter>
    </ClCompile>
    <ClCompile Include="EntityManager.cpp">
      <Filter>源文件</Filter>
    </ClCompile>
    <ClCompile Include="CrudeTimer.cpp">
      <Filter>源文件</Filter>
    </ClCompile>
  </ItemGroup>
  <ItemGroup>
    <ClInclude Include="BaseGameEntity.h">
      <Filter>头文件</Filter>
    </ClInclude>
    <ClInclude Include="Location.h">
      <Filter>头文件</Filter>
    </ClInclude>
    <ClInclude Include="Miner.h">
      <Filter>头文件</Filter>
    </ClInclude>
    <ClInclude Include="State.h">
      <Filter>头文件</Filter>
    </ClInclude>
    <ClInclude Include="MinerOwnedStates.h">
      <Filter>头文件</Filter>
    </ClInclude>
    <ClInclude Include="EntityName.h">
      <Filter>头文件</Filter>
    </ClInclude>
    <ClInclude Include="StateMachine.h">
      <Filter>头文件</Filter>
    </ClInclude>
    <ClInclude Include="MinerWife.h">
      <Filter>头文件</Filter>
    </ClInclude>
    <ClInclude Include="MinerWifeOwnedState.h">
      <Filter>头文件</Filter>
    </ClInclude>
    <ClInclude Include="ControlUtils.h">
      <Filter>头文件</Filter>
    </ClInclude>
    <ClInclude Include="Telegram.h">
      <Filter>头文件</Filter>
    </ClInclude>
    <ClInclude Include="MessageType.h">
      <Filter>头文件</Filter>
    </ClInclude>
    <ClInclude Include="MessageDispatcher.h">
      <Filter>头文件</Filter>
    </ClInclude>
    <ClInclude Include="EntityManager.h">
      <Filter>头文件</Filter>
    </ClInclude>
    <ClInclude Include="CrudeTimer.h">
      <Filter>头文件</Filter>
    </ClInclude>
  </ItemGroup>
</Project>